
Microsoft Visual Studio Solution File, Format Version 12.00
# Visual Studio Version 17
VisualStudioVersion = 17.7.34202.233
MinimumVisualStudioVersion = 10.0.40219.1
Project("{FAE04EC0-301F-11D3-BF4B-00C04F79EFBC}") = "TestOop", "TestOop\TestOop.csproj", "{DE1A0E48-AA1E-4419-AEF2-97841D11A962}"
EndProject
Global
	GlobalSection(SolutionConfigurationPlatforms) = preSolution
		Debug|Any CPU = Debug|Any CPU
		Release|Any CPU = Release|Any CPU
	EndGlobalSection
	GlobalSection(ProjectConfigurationPlatforms) = postSolution
		{DE1A0E48-AA1E-4419-AEF2-97841D11A962}.Debug|Any CPU.ActiveCfg = Debug|Any CPU
		{DE1A0E48-AA1E-4419-AEF2-97841D11A962}.Debug|Any CPU.Build.0 = Debug|Any CPU
		{DE1A0E48-AA1E-4419-AEF2-97841D11A962}.Release|Any CPU.ActiveCfg = Release|Any CPU
		{DE1A0E48-AA1E-4419-AEF2-97841D11A962}.Release|Any CPU.Build.0 = Release|Any CPU
	EndGlobalSection
	GlobalSection(SolutionProperties) = preSolution
		HideSolutionNode = FALSE
	EndGlobalSection
	GlobalSection(ExtensibilityGlobals) = postSolution
		SolutionGuid = {2FA886AE-138F-45E7-A967-D382CA8D0EA0}
	EndGlobalSection
EndGlobal
